// !$*UTF8*$!
{
	archiveVersion = 1;
	classes = {
	};
	objectVersion = 77;
	objects = {

/* Begin PBXBuildFile section */
		24F546D02D70412500CB63C8 /* NailDiseaseSDK.framework in Frameworks */ = {isa = PBXBuildFile; fileRef = 24F546CE2D70411D00CB63C8 /* NailDiseaseSDK.framework */; };
		24F546D12D70412500CB63C8 /* NailDiseaseSDK.framework in Embed Frameworks */ = {isa = PBXBuildFile; fileRef = 24F546CE2D70411D00CB63C8 /* NailDiseaseSDK.framework */; settings = {ATTRIBUTES = (CodeSignOnCopy, RemoveHeadersOnCopy, ); }; };
/* End PBXBuildFile section */

/* Begin PBXContainerItemProxy section */
		24F5464E2D6EFCB400CB63C8 /* PBXContainerItemProxy */ = {
			isa = PBXContainerItemProxy;
			containerPortal = 24F546352D6EFCB300CB63C8 /* Project object */;
			proxyType = 1;
			remoteGlobalIDString = 24F5463C2D6EFCB300CB63C8;
			remoteInfo = Naildisease;
		};
		24F546582D6EFCB400CB63C8 /* PBXContainerItemProxy */ = {
			isa = PBXContainerItemProxy;
			containerPortal = 24F546352D6EFCB300CB63C8 /* Project object */;
			proxyType = 1;
			remoteGlobalIDString = 24F5463C2D6EFCB300CB63C8;
			remoteInfo = Naildisease;
		};
/* End PBXContainerItemProxy section */

/* Begin PBXCopyFilesBuildPhase section */
		24F5469E2D6F0FC000CB63C8 /* Embed Frameworks */ = {
			isa = PBXCopyFilesBuildPhase;
			buildActionMask = 2147483647;
			dstPath = "";
			dstSubfolderSpec = 10;
			files = (
				24F546D12D70412500CB63C8 /* NailDiseaseSDK.framework in Embed Frameworks */,
			);
			name = "Embed Frameworks";
			runOnlyForDeploymentPostprocessing = 0;
		};
/* End PBXCopyFilesBuildPhase section */

/* Begin PBXFileReference section */
		24F5463D2D6EFCB300CB63C8 /* Naildisease.app */ = {isa = PBXFileReference; explicitFileType = wrapper.application; includeInIndex = 0; path = Naildisease.app; sourceTree = BUILT_PRODUCTS_DIR; };
		24F5464D2D6EFCB400CB63C8 /* NaildiseaseTests.xctest */ = {isa = PBXFileReference; explicitFileType = wrapper.cfbundle; includeInIndex = 0; path = NaildiseaseTests.xctest; sourceTree = BUILT_PRODUCTS_DIR; };
		24F546572D6EFCB400CB63C8 /* NaildiseaseUITests.xctest */ = {isa = PBXFileReference; explicitFileType = wrapper.cfbundle; includeInIndex = 0; path = NaildiseaseUITests.xctest; sourceTree = BUILT_PRODUCTS_DIR; };
		24F546CE2D70411D00CB63C8 /* NailDiseaseSDK.framework */ = {isa = PBXFileReference; lastKnownFileType = wrapper.framework; path = NailDiseaseSDK.framework; sourceTree = "<group>"; };
/* End PBXFileReference section */

/* Begin PBXFileSystemSynchronizedRootGroup section */
		24F5463F2D6EFCB300CB63C8 /* Naildisease */ = {
			isa = PBXFileSystemSynchronizedRootGroup;
			path = Naildisease;
			sourceTree = "<group>";
		};
		24F546502D6EFCB400CB63C8 /* NaildiseaseTests */ = {
			isa = PBXFileSystemSynchronizedRootGroup;
			path = NaildiseaseTests;
			sourceTree = "<group>";
		};
		24F5465A2D6EFCB400CB63C8 /* NaildiseaseUITests */ = {
			isa = PBXFileSystemSynchronizedRootGroup;
			path = NaildiseaseUITests;
			sourceTree = "<group>";
		};
		24F5468A2D6F0A8000CB63C8 /* New Folder */ = {
			isa = PBXFileSystemSynchronizedRootGroup;
			path = "New Folder";
			sourceTree = "<group>";
		};
/* End PBXFileSystemSynchronizedRootGroup section */

/* Begin PBXFrameworksBuildPhase section */
		24F5463A2D6EFCB300CB63C8 /* Frameworks */ = {
			isa = PBXFrameworksBuildPhase;
			buildActionMask = 2147483647;
			files = (
				24F546D02D70412500CB63C8 /* NailDiseaseSDK.framework in Frameworks */,
			);
			runOnlyForDeploymentPostprocessing = 0;
		};
		24F5464A2D6EFCB400CB63C8 /* Frameworks */ = {
			isa = PBXFrameworksBuildPhase;
			buildActionMask = 2147483647;
			files = (
			);
			runOnlyForDeploymentPostprocessing = 0;
		};
		24F546542D6EFCB400CB63C8 /* Frameworks */ = {
			isa = PBXFrameworksBuildPhase;
			buildActionMask = 2147483647;
			files = (
			);
			runOnlyForDeploymentPostprocessing = 0;
		};
/* End PBXFrameworksBuildPhase section */

/* Begin PBXGroup section */
		24F546342D6EFCB300CB63C8 = {
			isa = PBXGroup;
			children = (
				24F5463F2D6EFCB300CB63C8 /* Naildisease */,
				24F546502D6EFCB400CB63C8 /* NaildiseaseTests */,
				24F5465A2D6EFCB400CB63C8 /* NaildiseaseUITests */,
				24F5463E2D6EFCB300CB63C8 /* Products */,
				24F5468A2D6F0A8000CB63C8 /* New Folder */,
				24F5469A2D6F0FC000CB63C8 /* Frameworks */,
			);
			sourceTree = "<group>";
		};
		24F5463E2D6EFCB300CB63C8 /* Products */ = {
			isa = PBXGroup;
			children = (
				24F5463D2D6EFCB300CB63C8 /* Naildisease.app */,
				24F5464D2D6EFCB400CB63C8 /* NaildiseaseTests.xctest */,
				24F546572D6EFCB400CB63C8 /* NaildiseaseUITests.xctest */,
			);
			name = Products;
			sourceTree = "<group>";
		};
		24F5469A2D6F0FC000CB63C8 /* Frameworks */ = {
			isa = PBXGroup;
			children = (
				24F546CE2D70411D00CB63C8 /* NailDiseaseSDK.framework */,
			);
			name = Frameworks;
			sourceTree = "<group>";
		};
/* End PBXGroup section */

/* Begin PBXNativeTarget section */
		24F5463C2D6EFCB300CB63C8 /* Naildisease */ = {
			isa = PBXNativeTarget;
			buildConfigurationList = 24F546612D6EFCB500CB63C8 /* Build configuration list for PBXNativeTarget "Naildisease" */;
			buildPhases = (
				24F546392D6EFCB300CB63C8 /* Sources */,
				24F5463A2D6EFCB300CB63C8 /* Frameworks */,
				24F5463B2D6EFCB300CB63C8 /* Resources */,
				24F5469E2D6F0FC000CB63C8 /* Embed Frameworks */,
			);
			buildRules = (
			);
			dependencies = (
			);
			fileSystemSynchronizedGroups = (
				24F5463F2D6EFCB300CB63C8 /* Naildisease */,
				24F5468A2D6F0A8000CB63C8 /* New Folder */,
			);
			name = Naildisease;
			packageProductDependencies = (
			);
			productName = Naildisease;
			productReference = 24F5463D2D6EFCB300CB63C8 /* Naildisease.app */;
			productType = "com.apple.product-type.application";
		};
		24F5464C2D6EFCB400CB63C8 /* NaildiseaseTests */ = {
			isa = PBXNativeTarget;
			buildConfigurationList = 24F546642D6EFCB500CB63C8 /* Build configuration list for PBXNativeTarget "NaildiseaseTests" */;
			buildPhases = (
				24F546492D6EFCB400CB63C8 /* Sources */,
				24F5464A2D6EFCB400CB63C8 /* Frameworks */,
				24F5464B2D6EFCB400CB63C8 /* Resources */,
			);
			buildRules = (
			);
			dependencies = (
				24F5464F2D6EFCB400CB63C8 /* PBXTargetDependency */,
			);
			fileSystemSynchronizedGroups = (
				24F546502D6EFCB400CB63C8 /* NaildiseaseTests */,
			);
			name = NaildiseaseTests;
			packageProductDependencies = (
			);
			productName = NaildiseaseTests;
			productReference = 24F5464D2D6EFCB400CB63C8 /* NaildiseaseTests.xctest */;
			productType = "com.apple.product-type.bundle.unit-test";
		};
		24F546562D6EFCB400CB63C8 /* NaildiseaseUITests */ = {
			isa = PBXNativeTarget;
			buildConfigurationList = 24F546672D6EFCB500CB63C8 /* Build configuration list for PBXNativeTarget "NaildiseaseUITests" */;
			buildPhases = (
				24F546532D6EFCB400CB63C8 /* Sources */,
				24F546542D6EFCB400CB63C8 /* Frameworks */,
				24F546552D6EFCB400CB63C8 /* Resources */,
			);
			buildRules = (
			);
			dependencies = (
				24F546592D6EFCB400CB63C8 /* PBXTargetDependency */,
			);
			fileSystemSynchronizedGroups = (
				24F5465A2D6EFCB400CB63C8 /* NaildiseaseUITests */,
			);
			name = NaildiseaseUITests;
			packageProductDependencies = (
			);
			productName = NaildiseaseUITests;
			productReference = 24F546572D6EFCB400CB63C8 /* NaildiseaseUITests.xctest */;
			productType = "com.apple.product-type.bundle.ui-testing";
		};
/* End PBXNativeTarget section */

/* Begin PBXProject section */
		24F546352D6EFCB300CB63C8 /* Project object */ = {
			isa = PBXProject;
			attributes = {
				BuildIndependentTargetsInParallel = 1;
				LastSwiftUpdateCheck = 1620;
				LastUpgradeCheck = 1620;
				TargetAttributes = {
					24F5463C2D6EFCB300CB63C8 = {
						CreatedOnToolsVersion = 16.2;
					};
					24F5464C2D6EFCB400CB63C8 = {
						CreatedOnToolsVersion = 16.2;
						TestTargetID = 24F5463C2D6EFCB300CB63C8;
					};
					24F546562D6EFCB400CB63C8 = {
						CreatedOnToolsVersion = 16.2;
						TestTargetID = 24F5463C2D6EFCB300CB63C8;
					};
				};
			};
			buildConfigurationList = 24F546382D6EFCB300CB63C8 /* Build configuration list for PBXProject "Naildisease" */;
			developmentRegion = en;
			hasScannedForEncodings = 0;
			knownRegions = (
				en,
				Base,
			);
			mainGroup = 24F546342D6EFCB300CB63C8;
			minimizedProjectReferenceProxies = 1;
			preferredProjectObjectVersion = 77;
			productRefGroup = 24F5463E2D6EFCB300CB63C8 /* Products */;
			projectDirPath = "";
			projectRoot = "";
			targets = (
				24F5463C2D6EFCB300CB63C8 /* Naildisease */,
				24F5464C2D6EFCB400CB63C8 /* NaildiseaseTests */,
				24F546562D6EFCB400CB63C8 /* NaildiseaseUITests */,
			);
		};
/* End PBXProject section */

/* Begin PBXResourcesBuildPhase section */
		24F5463B2D6EFCB300CB63C8 /* Resources */ = {
			isa = PBXResourcesBuildPhase;
			buildActionMask = 2147483647;
			files = (
			);
			runOnlyForDeploymentPostprocessing = 0;
		};
		24F5464B2D6EFCB400CB63C8 /* Resources */ = {
			isa = PBXResourcesBuildPhase;
			buildActionMask = 2147483647;
			files = (
			);
			runOnlyForDeploymentPostprocessing = 0;
		};
		24F546552D6EFCB400CB63C8 /* Resources */ = {
			isa = PBXResourcesBuildPhase;
			buildActionMask = 2147483647;
			files = (
			);
			runOnlyForDeploymentPostprocessing = 0;
		};
/* End PBXResourcesBuildPhase section */

/* Begin PBXSourcesBuildPhase section */
		24F546392D6EFCB300CB63C8 /* Sources */ = {
			isa = PBXSourcesBuildPhase;
			buildActionMask = 2147483647;
			files = (
			);
			runOnlyForDeploymentPostprocessing = 0;
		};
		24F546492D6EFCB400CB63C8 /* Sources */ = {
			isa = PBXSourcesBuildPhase;
			buildActionMask = 2147483647;
			files = (
			);
			runOnlyForDeploymentPostprocessing = 0;
		};
		24F546532D6EFCB400CB63C8 /* Sources */ = {
			isa = PBXSourcesBuildPhase;
			buildActionMask = 2147483647;
			files = (
			);
			runOnlyForDeploymentPostprocessing = 0;
		};
/* End PBXSourcesBuildPhase section */

/* Begin PBXTargetDependency section */
		24F5464F2D6EFCB400CB63C8 /* PBXTargetDependency */ = {
			isa = PBXTargetDependency;
			target = 24F5463C2D6EFCB300CB63C8 /* Naildisease */;
			targetProxy = 24F5464E2D6EFCB400CB63C8 /* PBXContainerItemProxy */;
		};
		24F546592D6EFCB400CB63C8 /* PBXTargetDependency */ = {
			isa = PBXTargetDependency;
			target = 24F5463C2D6EFCB300CB63C8 /* Naildisease */;
			targetProxy = 24F546582D6EFCB400CB63C8 /* PBXContainerItemProxy */;
		};
/* End PBXTargetDependency section */

/* Begin XCBuildConfiguration section */
		24F5465F2D6EFCB500CB63C8 /* Debug */ = {
			isa = XCBuildConfiguration;
			buildSettings = {
				ALWAYS_SEARCH_USER_PATHS = NO;
				ASSETCATALOG_COMPILER_GENERATE_SWIFT_ASSET_SYMBOL_EXTENSIONS = YES;
				CLANG_ANALYZER_NONNULL = YES;
				CLANG_ANALYZER_NUMBER_OBJECT_CONVERSION = YES_AGGRESSIVE;
				CLANG_CXX_LANGUAGE_STANDARD = "gnu++20";
				CLANG_ENABLE_MODULES = YES;
				CLANG_ENABLE_OBJC_ARC = YES;
				CLANG_ENABLE_OBJC_WEAK = YES;
				CLANG_WARN_BLOCK_CAPTURE_AUTORELEASING = YES;
				CLANG_WARN_BOOL_CONVERSION = YES;
				CLANG_WARN_COMMA = YES;
				CLANG_WARN_CONSTANT_CONVERSION = YES;
				CLANG_WARN_DEPRECATED_OBJC_IMPLEMENTATIONS = YES;
				CLANG_WARN_DIRECT_OBJC_ISA_USAGE = YES_ERROR;
				CLANG_WARN_DOCUMENTATION_COMMENTS = YES;
				CLANG_WARN_EMPTY_BODY = YES;
				CLANG_WARN_ENUM_CONVERSION = YES;
				CLANG_WARN_INFINITE_RECURSION = YES;
				CLANG_WARN_INT_CONVERSION = YES;
				CLANG_WARN_NON_LITERAL_NULL_CONVERSION = YES;
				CLANG_WARN_OBJC_IMPLICIT_RETAIN_SELF = YES;
				CLANG_WARN_OBJC_LITERAL_CONVERSION = YES;
				CLANG_WARN_OBJC_ROOT_CLASS = YES_ERROR;
				CLANG_WARN_QUOTED_INCLUDE_IN_FRAMEWORK_HEADER = YES;
				CLANG_WARN_RANGE_LOOP_ANALYSIS = YES;
				CLANG_WARN_STRICT_PROTOTYPES = YES;
				CLANG_WARN_SUSPICIOUS_MOVE = YES;
				CLANG_WARN_UNGUARDED_AVAILABILITY = YES_AGGRESSIVE;
				CLANG_WARN_UNREACHABLE_CODE = YES;
				CLANG_WARN__DUPLICATE_METHOD_MATCH = YES;
				COPY_PHASE_STRIP = NO;
				DEBUG_INFORMATION_FORMAT = dwarf;
				ENABLE_STRICT_OBJC_MSGSEND = YES;
				ENABLE_TESTABILITY = YES;
				ENABLE_USER_SCRIPT_SANDBOXING = YES;
				GCC_C_LANGUAGE_STANDARD = gnu17;
				GCC_DYNAMIC_NO_PIC = NO;
				GCC_NO_COMMON_BLOCKS = YES;
				GCC_OPTIMIZATION_LEVEL = 0;
				GCC_PREPROCESSOR_DEFINITIONS = (
					"DEBUG=1",
					"$(inherited)",
				);
				GCC_WARN_64_TO_32_BIT_CONVERSION = YES;
				GCC_WARN_ABOUT_RETURN_TYPE = YES_ERROR;
				GCC_WARN_UNDECLARED_SELECTOR = YES;
				GCC_WARN_UNINITIALIZED_AUTOS = YES_AGGRESSIVE;
				GCC_WARN_UNUSED_FUNCTION = YES;
				GCC_WARN_UNUSED_VARIABLE = YES;
				IPHONEOS_DEPLOYMENT_TARGET = 18.2;
				LOCALIZATION_PREFERS_STRING_CATALOGS = YES;
				MTL_ENABLE_DEBUG_INFO = INCLUDE_SOURCE;
				MTL_FAST_MATH = YES;
				ONLY_ACTIVE_ARCH = YES;
				SDKROOT = iphoneos;
				SWIFT_ACTIVE_COMPILATION_CONDITIONS = "DEBUG $(inherited)";
				SWIFT_OPTIMIZATION_LEVEL = "-Onone";
			};
			name = Debug;
		};
		24F546602D6EFCB500CB63C8 /* Release */ = {
			isa = XCBuildConfiguration;
			buildSettings = {
				ALWAYS_SEARCH_USER_PATHS = NO;
				ASSETCATALOG_COMPILER_GENERATE_SWIFT_ASSET_SYMBOL_EXTENSIONS = YES;
				CLANG_ANALYZER_NONNULL = YES;
				CLANG_ANALYZER_NUMBER_OBJECT_CONVERSION = YES_AGGRESSIVE;
				CLANG_CXX_LANGUAGE_STANDARD = "gnu++20";
				CLANG_ENABLE_MODULES = YES;
				CLANG_ENABLE_OBJC_ARC = YES;
				CLANG_ENABLE_OBJC_WEAK = YES;
				CLANG_WARN_BLOCK_CAPTURE_AUTORELEASING = YES;
				CLANG_WARN_BOOL_CONVERSION = YES;
				CLANG_WARN_COMMA = YES;
				CLANG_WARN_CONSTANT_CONVERSION = YES;
				CLANG_WARN_DEPRECATED_OBJC_IMPLEMENTATIONS = YES;
				CLANG_WARN_DIRECT_OBJC_ISA_USAGE = YES_ERROR;
				CLANG_WARN_DOCUMENTATION_COMMENTS = YES;
				CLANG_WARN_EMPTY_BODY = YES;
				CLANG_WARN_ENUM_CONVERSION = YES;
				CLANG_WARN_INFINITE_RECURSION = YES;
				CLANG_WARN_INT_CONVERSION = YES;
				CLANG_WARN_NON_LITERAL_NULL_CONVERSION = YES;
				CLANG_WARN_OBJC_IMPLICIT_RETAIN_SELF = YES;
				CLANG_WARN_OBJC_LITERAL_CONVERSION = YES;
				CLANG_WARN_OBJC_ROOT_CLASS = YES_ERROR;
				CLANG_WARN_QUOTED_INCLUDE_IN_FRAMEWORK_HEADER = YES;
				CLANG_WARN_RANGE_LOOP_ANALYSIS = YES;
				CLANG_WARN_STRICT_PROTOTYPES = YES;
				CLANG_WARN_SUSPICIOUS_MOVE = YES;
				CLANG_WARN_UNGUARDED_AVAILABILITY = YES_AGGRESSIVE;
				CLANG_WARN_UNREACHABLE_CODE = YES;
				CLANG_WARN__DUPLICATE_METHOD_MATCH = YES;
				COPY_PHASE_STRIP = NO;
				DEBUG_INFORMATION_FORMAT = "dwarf-with-dsym";
				ENABLE_NS_ASSERTIONS = NO;
				ENABLE_STRICT_OBJC_MSGSEND = YES;
				ENABLE_USER_SCRIPT_SANDBOXING = YES;
				GCC_C_LANGUAGE_STANDARD = gnu17;
				GCC_NO_COMMON_BLOCKS = YES;
				GCC_WARN_64_TO_32_BIT_CONVERSION = YES;
				GCC_WARN_ABOUT_RETURN_TYPE = YES_ERROR;
				GCC_WARN_UNDECLARED_SELECTOR = YES;
				GCC_WARN_UNINITIALIZED_AUTOS = YES_AGGRESSIVE;
				GCC_WARN_UNUSED_FUNCTION = YES;
				GCC_WARN_UNUSED_VARIABLE = YES;
				IPHONEOS_DEPLOYMENT_TARGET = 18.2;
				LOCALIZATION_PREFERS_STRING_CATALOGS = YES;
				MTL_ENABLE_DEBUG_INFO = NO;
				MTL_FAST_MATH = YES;
				SDKROOT = iphoneos;
				SWIFT_COMPILATION_MODE = wholemodule;
				VALIDATE_PRODUCT = YES;
			};
			name = Release;
		};
		24F546622D6EFCB500CB63C8 /* Debug */ = {
			isa = XCBuildConfiguration;
			buildSettings = {
				ASSETCATALOG_COMPILER_APPICON_NAME = AppIcon;
				ASSETCATALOG_COMPILER_GLOBAL_ACCENT_COLOR_NAME = AccentColor;
				CODE_SIGN_STYLE = Automatic;
				CURRENT_PROJECT_VERSION = 1;
				DEVELOPMENT_ASSET_PATHS = "\"Naildisease/Preview Content\"";
				DEVELOPMENT_TEAM = WXVBV5W7SP;
				ENABLE_PREVIEWS = YES;
				FRAMEWORK_SEARCH_PATHS = (
					"$(inherited)",
					"$(PROJECT_DIR)/NaildiseaseUITests",
					"$(PROJECT_DIR)",
				);
				GENERATE_INFOPLIST_FILE = YES;
				INFOPLIST_KEY_UIApplicationSceneManifest_Generation = YES;
				INFOPLIST_KEY_UIApplicationSupportsIndirectInputEvents = YES;
				INFOPLIST_KEY_UILaunchScreen_Generation = YES;
				INFOPLIST_KEY_UISupportedInterfaceOrientations_iPad = "UIInterfaceOrientationPortrait UIInterfaceOrientationPortraitUpsideDown UIInterfaceOrientationLandscapeLeft UIInterfaceOrientationLandscapeRight";
				INFOPLIST_KEY_UISupportedInterfaceOrientations_iPhone = "UIInterfaceOrientationPortrait UIInterfaceOrientationLandscapeLeft UIInterfaceOrientationLandscapeRight";
				LD_RUNPATH_SEARCH_PATHS = (
					"$(inherited)",
					"@executable_path/Frameworks",
				);
				MARKETING_VERSION = 1.0;
				PRODUCT_BUNDLE_IDENTIFIER = com.cardiff.naildisease.Naildisease;
				PRODUCT_NAME = "$(TARGET_NAME)";
				SWIFT_EMIT_LOC_STRINGS = YES;
				SWIFT_VERSION = 5.0;
				TARGETED_DEVICE_FAMILY = "1,2";
			};
			name = Debug;
		};
		24F546632D6EFCB500CB63C8 /* Release */ = {
			isa = XCBuildConfiguration;
			buildSettings = {
				ASSETCATALOG_COMPILER_APPICON_NAME = AppIcon;
				ASSETCATALOG_COMPILER_GLOBAL_ACCENT_COLOR_NAME = AccentColor;
				CODE_SIGN_STYLE = Automatic;
				CURRENT_PROJECT_VERSION = 1;
				DEVELOPMENT_ASSET_PATHS = "\"Naildisease/Preview Content\"";
				DEVELOPMENT_TEAM = WXVBV5W7SP;
				ENABLE_PREVIEWS = YES;
				FRAMEWORK_SEARCH_PATHS = (
					"$(inherited)",
					"$(PROJECT_DIR)/NaildiseaseUITests",
					"$(PROJECT_DIR)",
				);
				GENERATE_INFOPLIST_FILE = YES;
				INFOPLIST_KEY_UIApplicationSceneManifest_Generation = YES;
				INFOPLIST_KEY_UIApplicationSupportsIndirectInputEvents = YES;
				INFOPLIST_KEY_UILaunchScreen_Generation = YES;
				INFOPLIST_KEY_UISupportedInterfaceOrientations_iPad = "UIInterfaceOrientationPortrait UIInterfaceOrientationPortraitUpsideDown UIInterfaceOrientationLandscapeLeft UIInterfaceOrientationLandscapeRight";
				INFOPLIST_KEY_UISupportedInterfaceOrientations_iPhone = "UIInterfaceOrientationPortrait UIInterfaceOrientationLandscapeLeft UIInterfaceOrientationLandscapeRight";
				LD_RUNPATH_SEARCH_PATHS = (
					"$(inherited)",
					"@executable_path/Frameworks",
				);
				MARKETING_VERSION = 1.0;
				PRODUCT_BUNDLE_IDENTIFIER = com.cardiff.naildisease.Naildisease;
				PRODUCT_NAME = "$(TARGET_NAME)";
				SWIFT_EMIT_LOC_STRINGS = YES;
				SWIFT_VERSION = 5.0;
				TARGETED_DEVICE_FAMILY = "1,2";
			};
			name = Release;
		};
		24F546652D6EFCB500CB63C8 /* Debug */ = {
			isa = XCBuildConfiguration;
			buildSettings = {
				BUNDLE_LOADER = "$(TEST_HOST)";
				CODE_SIGN_STYLE = Automatic;
				CURRENT_PROJECT_VERSION = 1;
				DEVELOPMENT_TEAM = WXVBV5W7SP;
				FRAMEWORK_SEARCH_PATHS = (
					"$(inherited)",
					"$(PROJECT_DIR)/NaildiseaseUITests",
				);
				GENERATE_INFOPLIST_FILE = YES;
				IPHONEOS_DEPLOYMENT_TARGET = 18.2;
				MARKETING_VERSION = 1.0;
				PRODUCT_BUNDLE_IDENTIFIER = com.cardiff.naildisease.NaildiseaseTests;
				PRODUCT_NAME = "$(TARGET_NAME)";
				SWIFT_EMIT_LOC_STRINGS = NO;
				SWIFT_VERSION = 5.0;
				TARGETED_DEVICE_FAMILY = "1,2";
				TEST_HOST = "$(BUILT_PRODUCTS_DIR)/Naildisease.app/$(BUNDLE_EXECUTABLE_FOLDER_PATH)/Naildisease";
			};
			name = Debug;
		};
		24F546662D6EFCB500CB63C8 /* Release */ = {
			isa = XCBuildConfiguration;
			buildSettings = {
				BUNDLE_LOADER = "$(TEST_HOST)";
				CODE_SIGN_STYLE = Automatic;
				CURRENT_PROJECT_VERSION = 1;
				DEVELOPMENT_TEAM = WXVBV5W7SP;
				FRAMEWORK_SEARCH_PATHS = (
					"$(inherited)",
					"$(PROJECT_DIR)/NaildiseaseUITests",
				);
				GENERATE_INFOPLIST_FILE = YES;
				IPHONEOS_DEPLOYMENT_TARGET = 18.2;
				MARKETING_VERSION = 1.0;
				PRODUCT_BUNDLE_IDENTIFIER = com.cardiff.naildisease.NaildiseaseTests;
				PRODUCT_NAME = "$(TARGET_NAME)";
				SWIFT_EMIT_LOC_STRINGS = NO;
				SWIFT_VERSION = 5.0;
				TARGETED_DEVICE_FAMILY = "1,2";
				TEST_HOST = "$(BUILT_PRODUCTS_DIR)/Naildisease.app/$(BUNDLE_EXECUTABLE_FOLDER_PATH)/Naildisease";
			};
			name = Release;
		};
		24F546682D6EFCB500CB63C8 /* Debug */ = {
			isa = XCBuildConfiguration;
			buildSettings = {
				CODE_SIGN_STYLE = Automatic;
				CURRENT_PROJECT_VERSION = 1;
				DEVELOPMENT_TEAM = WXVBV5W7SP;
				GENERATE_INFOPLIST_FILE = YES;
				MARKETING_VERSION = 1.0;
				PRODUCT_BUNDLE_IDENTIFIER = com.cardiff.naildisease.NaildiseaseUITests;
				PRODUCT_NAME = "$(TARGET_NAME)";
				SWIFT_EMIT_LOC_STRINGS = NO;
				SWIFT_VERSION = 5.0;
				TARGETED_DEVICE_FAMILY = "1,2";
				TEST_TARGET_NAME = Naildisease;
			};
			name = Debug;
		};
		24F546692D6EFCB500CB63C8 /* Release */ = {
			isa = XCBuildConfiguration;
			buildSettings = {
				CODE_SIGN_STYLE = Automatic;
				CURRENT_PROJECT_VERSION = 1;
				DEVELOPMENT_TEAM = WXVBV5W7SP;
				GENERATE_INFOPLIST_FILE = YES;
				MARKETING_VERSION = 1.0;
				PRODUCT_BUNDLE_IDENTIFIER = com.cardiff.naildisease.NaildiseaseUITests;
				PRODUCT_NAME = "$(TARGET_NAME)";
				SWIFT_EMIT_LOC_STRINGS = NO;
				SWIFT_VERSION = 5.0;
				TARGETED_DEVICE_FAMILY = "1,2";
				TEST_TARGET_NAME = Naildisease;
			};
			name = Release;
		};
/* End XCBuildConfiguration section */

/* Begin XCConfigurationList section */
		24F546382D6EFCB300CB63C8 /* Build configuration list for PBXProject "Naildisease" */ = {
			isa = XCConfigurationList;
			buildConfigurations = (
				24F5465F2D6EFCB500CB63C8 /* Debug */,
				24F546602D6EFCB500CB63C8 /* Release */,
			);
			defaultConfigurationIsVisible = 0;
			defaultConfigurationName = Release;
		};
		24F546612D6EFCB500CB63C8 /* Build configuration list for PBXNativeTarget "Naildisease" */ = {
			isa = XCConfigurationList;
			buildConfigurations = (
				24F546622D6EFCB500CB63C8 /* Debug */,
				24F546632D6EFCB500CB63C8 /* Release */,
			);
			defaultConfigurationIsVisible = 0;
			defaultConfigurationName = Release;
		};
		24F546642D6EFCB500CB63C8 /* Build configuration list for PBXNativeTarget "NaildiseaseTests" */ = {
			isa = XCConfigurationList;
			buildConfigurations = (
				24F546652D6EFCB500CB63C8 /* Debug */,
				24F546662D6EFCB500CB63C8 /* Release */,
			);
			defaultConfigurationIsVisible = 0;
			defaultConfigurationName = Release;
		};
		24F546672D6EFCB500CB63C8 /* Build configuration list for PBXNativeTarget "NaildiseaseUITests" */ = {
			isa = XCConfigurationList;
			buildConfigurations = (
				24F546682D6EFCB500CB63C8 /* Debug */,
				24F546692D6EFCB500CB63C8 /* Release */,
			);
			defaultConfigurationIsVisible = 0;
			defaultConfigurationName = Release;
		};
/* End XCConfigurationList section */
	};
	rootObject = 24F546352D6EFCB300CB63C8 /* Project object */;
}
